
Microsoft Visual Studio Solution File, Format Version 12.00
# Visual Studio 15
VisualStudioVersion = 15.0.28307.421
MinimumVisualStudioVersion = 10.0.40219.1
Project("{FAE04EC0-301F-11D3-BF4B-00C04F79EFBC}") = "Schedule", "Schedule\Schedule.csproj", "{5089B9F4-EBBD-4CED-8664-FC9F5F48C210}"
EndProject
Project("{2150E333-8FDC-42A3-9474-1A3956D46DE8}") = "Solution Items", "Solution Items", "{5CADFF4C-7A20-4AE4-9E66-1BAE6BAC8878}"
	ProjectSection(SolutionItems) = preProject
		Schedule\machine_tools.xlsx = Schedule\machine_tools.xlsx
		Schedule\nomenclatures.xlsx = Schedule\nomenclatures.xlsx
		Schedule\parties.xlsx = Schedule\parties.xlsx
		Schedule\schedule.xlsx = Schedule\schedule.xlsx
		Schedule\times.xlsx = Schedule\times.xlsx
	EndProjectSection
EndProject
Global
	GlobalSection(SolutionConfigurationPlatforms) = preSolution
		Debug|Any CPU = Debug|Any CPU
		Release|Any CPU = Release|Any CPU
	EndGlobalSection
	GlobalSection(ProjectConfigurationPlatforms) = postSolution
		{5089B9F4-EBBD-4CED-8664-FC9F5F48C210}.Debug|Any CPU.ActiveCfg = Debug|Any CPU
		{5089B9F4-EBBD-4CED-8664-FC9F5F48C210}.Debug|Any CPU.Build.0 = Debug|Any CPU
		{5089B9F4-EBBD-4CED-8664-FC9F5F48C210}.Release|Any CPU.ActiveCfg = Release|Any CPU
		{5089B9F4-EBBD-4CED-8664-FC9F5F48C210}.Release|Any CPU.Build.0 = Release|Any CPU
	EndGlobalSection
	GlobalSection(SolutionProperties) = preSolution
		HideSolutionNode = FALSE
	EndGlobalSection
	GlobalSection(ExtensibilityGlobals) = postSolution
		SolutionGuid = {84DF69EF-8B5A-4AC8-83F9-D3739C7BA4E6}
	EndGlobalSection
EndGlobal
